
Microsoft Visual Studio Solution File, Format Version 12.00
# Visual Studio 2012
Project("{FAE04EC0-301F-11D3-BF4B-00C04F79EFBC}") = "MyWikiParser", "MyWikiParser\MyWikiParser.csproj", "{BBA3F633-0CAB-42E3-A932-3DD1DC228AFE}"
EndProject
Project("{FAE04EC0-301F-11D3-BF4B-00C04F79EFBC}") = "MyWikiParserTest", "MyWikiParserTest\MyWikiParserTest.csproj", "{10ECED4D-27EA-48DB-85C5-10163064D953}"
EndProject
Global
	GlobalSection(SolutionConfigurationPlatforms) = preSolution
		Debug|Any CPU = Debug|Any CPU
		Release|Any CPU = Release|Any CPU
	EndGlobalSection
	GlobalSection(ProjectConfigurationPlatforms) = postSolution
		{BBA3F633-0CAB-42E3-A932-3DD1DC228AFE}.Debug|Any CPU.ActiveCfg = Debug|Any CPU
		{BBA3F633-0CAB-42E3-A932-3DD1DC228AFE}.Debug|Any CPU.Build.0 = Debug|Any CPU
		{BBA3F633-0CAB-42E3-A932-3DD1DC228AFE}.Release|Any CPU.ActiveCfg = Release|Any CPU
		{BBA3F633-0CAB-42E3-A932-3DD1DC228AFE}.Release|Any CPU.Build.0 = Release|Any CPU
		{10ECED4D-27EA-48DB-85C5-10163064D953}.Debug|Any CPU.ActiveCfg = Debug|Any CPU
		{10ECED4D-27EA-48DB-85C5-10163064D953}.Debug|Any CPU.Build.0 = Debug|Any CPU
		{10ECED4D-27EA-48DB-85C5-10163064D953}.Release|Any CPU.ActiveCfg = Release|Any CPU
		{10ECED4D-27EA-48DB-85C5-10163064D953}.Release|Any CPU.Build.0 = Release|Any CPU
	EndGlobalSection
	GlobalSection(SolutionProperties) = preSolution
		HideSolutionNode = FALSE
	EndGlobalSection
EndGlobal
